
Microsoft Visual Studio Solution File, Format Version 12.00
# Visual Studio Version 17
VisualStudioVersion = 17.2.32616.157
MinimumVisualStudioVersion = 10.0.40219.1
Project("{FAE04EC0-301F-11D3-BF4B-00C04F79EFBC}") = "BulkyBookWeb", "BulkyBookWeb\BulkyBookWeb.csproj", "{DB81F5DE-36D8-491E-9A9C-FC079A5343B8}"
EndProject
Global
	GlobalSection(SolutionConfigurationPlatforms) = preSolution
		Debug|Any CPU = Debug|Any CPU
		Release|Any CPU = Release|Any CPU
	EndGlobalSection
	GlobalSection(ProjectConfigurationPlatforms) = postSolution
		{DB81F5DE-36D8-491E-9A9C-FC079A5343B8}.Debug|Any CPU.ActiveCfg = Debug|Any CPU
		{DB81F5DE-36D8-491E-9A9C-FC079A5343B8}.Debug|Any CPU.Build.0 = Debug|Any CPU
		{DB81F5DE-36D8-491E-9A9C-FC079A5343B8}.Release|Any CPU.ActiveCfg = Release|Any CPU
		{DB81F5DE-36D8-491E-9A9C-FC079A5343B8}.Release|Any CPU.Build.0 = Release|Any CPU
	EndGlobalSection
	GlobalSection(SolutionProperties) = preSolution
		HideSolutionNode = FALSE
	EndGlobalSection
	GlobalSection(ExtensibilityGlobals) = postSolution
		SolutionGuid = {4567809F-9F59-40BB-BC2E-5D042C166385}
	EndGlobalSection
EndGlobal
